// !$*UTF8*$!
{
	archiveVersion = 1;
	classes = {
	};
	objectVersion = 48;
	objects = {

/* Begin PBXBuildFile section */
		89BCCF551EB20DED005888DC /* SearchedProductCell.swift in Sources */ = {isa = PBXBuildFile; fileRef = 89BCCF541EB20DED005888DC /* SearchedProductCell.swift */; };
		89C975291E72B8EF00BD6C3C /* APIClient.swift in Sources */ = {isa = PBXBuildFile; fileRef = 89C975281E72B8EF00BD6C3C /* APIClient.swift */; };
		89C9752B1E72B8FB00BD6C3C /* DescriptionManager.swift in Sources */ = {isa = PBXBuildFile; fileRef = 89C9752A1E72B8FB00BD6C3C /* DescriptionManager.swift */; };
		89D2454F1E5E8D2A00AC12C3 /* ProductSearchViewController.swift in Sources */ = {isa = PBXBuildFile; fileRef = 89D2454E1E5E8D2A00AC12C3 /* ProductSearchViewController.swift */; };
		89D245511E5ED90E00AC12C3 /* SearchedProduct.swift in Sources */ = {isa = PBXBuildFile; fileRef = 89D245501E5ED90E00AC12C3 /* SearchedProduct.swift */; };
		89D245531E5EE44700AC12C3 /* SearchedProductsViewModel.swift in Sources */ = {isa = PBXBuildFile; fileRef = 89D245521E5EE44700AC12C3 /* SearchedProductsViewModel.swift */; };
		B60EB2331E342AB7004C67FF /* MainTabBarController.swift in Sources */ = {isa = PBXBuildFile; fileRef = B60EB2321E342AB7004C67FF /* MainTabBarController.swift */; };
		B60EB2361E342FB4004C67FF /* LoginViewController.swift in Sources */ = {isa = PBXBuildFile; fileRef = B60EB2351E342FB4004C67FF /* LoginViewController.swift */; };
		B60EB2391E343A33004C67FF /* SubscribedPageCell.swift in Sources */ = {isa = PBXBuildFile; fileRef = B60EB2381E343A33004C67FF /* SubscribedPageCell.swift */; };
		B60EB23D1E343CAB004C67FF /* SubscribedPagesViewController.swift in Sources */ = {isa = PBXBuildFile; fileRef = B60EB23C1E343CAB004C67FF /* SubscribedPagesViewController.swift */; };
		B60EB23E1E343D47004C67FF /* DDLogFormatterExtension.swift in Sources */ = {isa = PBXBuildFile; fileRef = B60EB22F1E324ED9004C67FF /* DDLogFormatterExtension.swift */; };
		B637D37D1E48AFDD004051AA /* PageViewController.swift in Sources */ = {isa = PBXBuildFile; fileRef = B637D37C1E48AFDD004051AA /* PageViewController.swift */; };
		B658A6FF1E1D2BCF00E128B8 /* User.swift in Sources */ = {isa = PBXBuildFile; fileRef = B658A6FE1E1D2BCF00E128B8 /* User.swift */; };
		B658A7011E1D2C8600E128B8 /* PagesViewModel.swift in Sources */ = {isa = PBXBuildFile; fileRef = B658A7001E1D2C8600E128B8 /* PagesViewModel.swift */; };
		B6A782B11E84069A00099C83 /* SubscribedProductsViewModel.swift in Sources */ = {isa = PBXBuildFile; fileRef = B6A782B01E84069A00099C83 /* SubscribedProductsViewModel.swift */; };
		B6A782B31E84080D00099C83 /* SubscribedProductsViewController.swift in Sources */ = {isa = PBXBuildFile; fileRef = B6A782B21E84080D00099C83 /* SubscribedProductsViewController.swift */; };
		B6A782B51E840A1200099C83 /* Product.swift in Sources */ = {isa = PBXBuildFile; fileRef = B6A782B41E840A1200099C83 /* Product.swift */; };
		B6A782BB1E8428C600099C83 /* UINavigationItemExtension.swift in Sources */ = {isa = PBXBuildFile; fileRef = B6A782BA1E8428C600099C83 /* UINavigationItemExtension.swift */; };
		B6B1042A1E12BD3D00C30790 /* Page.swift in Sources */ = {isa = PBXBuildFile; fileRef = B6B104291E12BD3D00C30790 /* Page.swift */; };
		B6B1042C1E12BF7400C30790 /* UsersViewModel.swift in Sources */ = {isa = PBXBuildFile; fileRef = B6B1042B1E12BF7400C30790 /* UsersViewModel.swift */; };
		B6ECCEA21E887D0100911830 /* Settings.bundle in Resources */ = {isa = PBXBuildFile; fileRef = B6ECCEA11E887D0100911830 /* Settings.bundle */; };
		B6EDC0991E0F808800041FAC /* AppDelegate.swift in Sources */ = {isa = PBXBuildFile; fileRef = B6EDC08F1E0F808800041FAC /* AppDelegate.swift */; };
		B6EDC09D1E0F808800041FAC /* Assets.xcassets in Resources */ = {isa = PBXBuildFile; fileRef = B6EDC0961E0F808800041FAC /* Assets.xcassets */; };
		B6EDC09E1E0F808800041FAC /* Info.plist in Resources */ = {isa = PBXBuildFile; fileRef = B6EDC0971E0F808800041FAC /* Info.plist */; };
		B6EDC09F1E0F808800041FAC /* LaunchScreen.storyboard in Resources */ = {isa = PBXBuildFile; fileRef = B6EDC0981E0F808800041FAC /* LaunchScreen.storyboard */; };
		B6F5E1FE1E48B709007C042A /* Main.storyboard in Resources */ = {isa = PBXBuildFile; fileRef = B6F5E1FD1E48B709007C042A /* Main.storyboard */; };
		DA98F36A4E5BB2E6A37F68CB /* Pods_kcuc.framework in Frameworks */ = {isa = PBXBuildFile; fileRef = 1AA20CFC7591B43732C3F6AF /* Pods_kcuc.framework */; };
/* End PBXBuildFile section */

/* Begin PBXFileReference section */
		1AA20CFC7591B43732C3F6AF /* Pods_kcuc.framework */ = {isa = PBXFileReference; explicitFileType = wrapper.framework; includeInIndex = 0; path = Pods_kcuc.framework; sourceTree = BUILT_PRODUCTS_DIR; };
		89BCCF541EB20DED005888DC /* SearchedProductCell.swift */ = {isa = PBXFileReference; fileEncoding = 4; lastKnownFileType = sourcecode.swift; name = SearchedProductCell.swift; path = Views/Subscribed/SearchedProductCell.swift; sourceTree = "<group>"; };
		89C975281E72B8EF00BD6C3C /* APIClient.swift */ = {isa = PBXFileReference; fileEncoding = 4; lastKnownFileType = sourcecode.swift; name = APIClient.swift; path = Managers/APIClient.swift; sourceTree = "<group>"; };
		89C9752A1E72B8FB00BD6C3C /* DescriptionManager.swift */ = {isa = PBXFileReference; fileEncoding = 4; lastKnownFileType = sourcecode.swift; name = DescriptionManager.swift; path = Managers/DescriptionManager.swift; sourceTree = "<group>"; };
		89D2454E1E5E8D2A00AC12C3 /* ProductSearchViewController.swift */ = {isa = PBXFileReference; fileEncoding = 4; lastKnownFileType = sourcecode.swift; path = ProductSearchViewController.swift; sourceTree = "<group>"; };
		89D245501E5ED90E00AC12C3 /* SearchedProduct.swift */ = {isa = PBXFileReference; fileEncoding = 4; lastKnownFileType = sourcecode.swift; name = SearchedProduct.swift; path = Models/SearchedProduct.swift; sourceTree = "<group>"; };
		89D245521E5EE44700AC12C3 /* SearchedProductsViewModel.swift */ = {isa = PBXFileReference; fileEncoding = 4; lastKnownFileType = sourcecode.swift; name = SearchedProductsViewModel.swift; path = ViewModels/SearchedProductsViewModel.swift; sourceTree = "<group>"; };
		B60EB2281E324842004C67FF /* CocoaLumberjackSwift.framework */ = {isa = PBXFileReference; lastKnownFileType = wrapper.framework; name = CocoaLumberjackSwift.framework; path = ../Carthage/Build/iOS/CocoaLumberjackSwift.framework; sourceTree = "<group>"; };
		B60EB22B1E324A50004C67FF /* CocoaLumberjack.framework */ = {isa = PBXFileReference; lastKnownFileType = wrapper.framework; name = CocoaLumberjack.framework; path = ../Carthage/Build/iOS/CocoaLumberjack.framework; sourceTree = "<group>"; };
		B60EB22F1E324ED9004C67FF /* DDLogFormatterExtension.swift */ = {isa = PBXFileReference; fileEncoding = 4; lastKnownFileType = sourcecode.swift; name = DDLogFormatterExtension.swift; path = Extensions/DDLogFormatterExtension.swift; sourceTree = "<group>"; };
		B60EB2321E342AB7004C67FF /* MainTabBarController.swift */ = {isa = PBXFileReference; fileEncoding = 4; lastKnownFileType = sourcecode.swift; name = MainTabBarController.swift; path = Main/MainTabBarController.swift; sourceTree = "<group>"; };
		B60EB2351E342FB4004C67FF /* LoginViewController.swift */ = {isa = PBXFileReference; fileEncoding = 4; lastKnownFileType = sourcecode.swift; name = LoginViewController.swift; path = Login/LoginViewController.swift; sourceTree = "<group>"; };
		B60EB2381E343A33004C67FF /* SubscribedPageCell.swift */ = {isa = PBXFileReference; fileEncoding = 4; lastKnownFileType = sourcecode.swift; name = SubscribedPageCell.swift; path = Views/Subscribed/SubscribedPageCell.swift; sourceTree = "<group>"; };
		B60EB23C1E343CAB004C67FF /* SubscribedPagesViewController.swift */ = {isa = PBXFileReference; fileEncoding = 4; lastKnownFileType = sourcecode.swift; path = SubscribedPagesViewController.swift; sourceTree = "<group>"; };
		B637D37C1E48AFDD004051AA /* PageViewController.swift */ = {isa = PBXFileReference; fileEncoding = 4; lastKnownFileType = sourcecode.swift; name = PageViewController.swift; path = Pages/PageViewController.swift; sourceTree = "<group>"; };
		B658A6FE1E1D2BCF00E128B8 /* User.swift */ = {isa = PBXFileReference; fileEncoding = 4; lastKnownFileType = sourcecode.swift; name = User.swift; path = Models/User.swift; sourceTree = "<group>"; };
		B658A7001E1D2C8600E128B8 /* PagesViewModel.swift */ = {isa = PBXFileReference; fileEncoding = 4; lastKnownFileType = sourcecode.swift; name = PagesViewModel.swift; path = ViewModels/PagesViewModel.swift; sourceTree = "<group>"; };
		B6A782B01E84069A00099C83 /* SubscribedProductsViewModel.swift */ = {isa = PBXFileReference; fileEncoding = 4; lastKnownFileType = sourcecode.swift; name = SubscribedProductsViewModel.swift; path = ViewModels/SubscribedProductsViewModel.swift; sourceTree = "<group>"; };
		B6A782B21E84080D00099C83 /* SubscribedProductsViewController.swift */ = {isa = PBXFileReference; fileEncoding = 4; lastKnownFileType = sourcecode.swift; path = SubscribedProductsViewController.swift; sourceTree = "<group>"; };
		B6A782B41E840A1200099C83 /* Product.swift */ = {isa = PBXFileReference; fileEncoding = 4; lastKnownFileType = sourcecode.swift; name = Product.swift; path = Models/Product.swift; sourceTree = "<group>"; };
		B6A782BA1E8428C600099C83 /* UINavigationItemExtension.swift */ = {isa = PBXFileReference; fileEncoding = 4; lastKnownFileType = sourcecode.swift; path = UINavigationItemExtension.swift; sourceTree = "<group>"; };
		B6B07A151E87994C0079065F /* SVProgressHUD.framework */ = {isa = PBXFileReference; lastKnownFileType = wrapper.framework; name = SVProgressHUD.framework; path = ../Carthage/Build/iOS/SVProgressHUD.framework; sourceTree = "<group>"; };
		B6B104181E0FE3E900C30790 /* Alamofire.framework */ = {isa = PBXFileReference; lastKnownFileType = wrapper.framework; name = Alamofire.framework; path = ../Carthage/Build/iOS/Alamofire.framework; sourceTree = "<group>"; };
		B6B104191E0FE3E900C30790 /* ObjectMapper.framework */ = {isa = PBXFileReference; lastKnownFileType = wrapper.framework; name = ObjectMapper.framework; path = ../Carthage/Build/iOS/ObjectMapper.framework; sourceTree = "<group>"; };
		B6B1041A1E0FE3E900C30790 /* SwiftyJSON.framework */ = {isa = PBXFileReference; lastKnownFileType = wrapper.framework; name = SwiftyJSON.framework; path = ../Carthage/Build/iOS/SwiftyJSON.framework; sourceTree = "<group>"; };
		B6B104291E12BD3D00C30790 /* Page.swift */ = {isa = PBXFileReference; fileEncoding = 4; lastKnownFileType = sourcecode.swift; name = Page.swift; path = Models/Page.swift; sourceTree = "<group>"; };
		B6B1042B1E12BF7400C30790 /* UsersViewModel.swift */ = {isa = PBXFileReference; fileEncoding = 4; lastKnownFileType = sourcecode.swift; name = UsersViewModel.swift; path = ViewModels/UsersViewModel.swift; sourceTree = "<group>"; };
		B6ECCEA11E887D0100911830 /* Settings.bundle */ = {isa = PBXFileReference; lastKnownFileType = "wrapper.plug-in"; name = Settings.bundle; path = kcuc/SupportingFiles/Settings.bundle; sourceTree = "<group>"; };
		B6EDC0771E0F7E3400041FAC /* kcuc.app */ = {isa = PBXFileReference; explicitFileType = wrapper.application; includeInIndex = 0; path = kcuc.app; sourceTree = BUILT_PRODUCTS_DIR; };
		B6EDC08F1E0F808800041FAC /* AppDelegate.swift */ = {isa = PBXFileReference; fileEncoding = 4; lastKnownFileType = sourcecode.swift; path = AppDelegate.swift; sourceTree = "<group>"; };
		B6EDC0961E0F808800041FAC /* Assets.xcassets */ = {isa = PBXFileReference; lastKnownFileType = folder.assetcatalog; path = Assets.xcassets; sourceTree = "<group>"; };
		B6EDC0971E0F808800041FAC /* Info.plist */ = {isa = PBXFileReference; fileEncoding = 4; lastKnownFileType = text.plist.xml; path = Info.plist; sourceTree = "<group>"; };
		B6EDC0981E0F808800041FAC /* LaunchScreen.storyboard */ = {isa = PBXFileReference; fileEncoding = 4; lastKnownFileType = file.storyboard; path = LaunchScreen.storyboard; sourceTree = "<group>"; };
		B6F5E1FD1E48B709007C042A /* Main.storyboard */ = {isa = PBXFileReference; fileEncoding = 4; lastKnownFileType = file.storyboard; path = Main.storyboard; sourceTree = "<group>"; };
		FB5AEBEBDDF1895ABBFBC904 /* Pods-kcuc.release.xcconfig */ = {isa = PBXFileReference; includeInIndex = 1; lastKnownFileType = text.xcconfig; name = "Pods-kcuc.release.xcconfig"; path = "Pods/Target Support Files/Pods-kcuc/Pods-kcuc.release.xcconfig"; sourceTree = "<group>"; };
		FD898AA66BF8F77D63438444 /* Pods-kcuc.debug.xcconfig */ = {isa = PBXFileReference; includeInIndex = 1; lastKnownFileType = text.xcconfig; name = "Pods-kcuc.debug.xcconfig"; path = "Pods/Target Support Files/Pods-kcuc/Pods-kcuc.debug.xcconfig"; sourceTree = "<group>"; };
/* End PBXFileReference section */

/* Begin PBXFrameworksBuildPhase section */
		B6EDC0741E0F7E3400041FAC /* Frameworks */ = {
			isa = PBXFrameworksBuildPhase;
			buildActionMask = 2147483647;
			files = (
				DA98F36A4E5BB2E6A37F68CB /* Pods_kcuc.framework in Frameworks */,
			);
			runOnlyForDeploymentPostprocessing = 0;
		};
/* End PBXFrameworksBuildPhase section */

/* Begin PBXGroup section */
		19441498ECF6398C3A3CBEB2 /* Frameworks */ = {
			isa = PBXGroup;
			children = (
				1AA20CFC7591B43732C3F6AF /* Pods_kcuc.framework */,
			);
			name = Frameworks;
			sourceTree = "<group>";
		};
		2E9AFF0A8D81DA4113EBD455 /* Pods */ = {
			isa = PBXGroup;
			children = (
				FD898AA66BF8F77D63438444 /* Pods-kcuc.debug.xcconfig */,
				FB5AEBEBDDF1895ABBFBC904 /* Pods-kcuc.release.xcconfig */,
			);
			name = Pods;
			sourceTree = "<group>";
		};
		B60EB22E1E324EBB004C67FF /* Extensions */ = {
			isa = PBXGroup;
			children = (
				B60EB22F1E324ED9004C67FF /* DDLogFormatterExtension.swift */,
				B6A782BA1E8428C600099C83 /* UINavigationItemExtension.swift */,
			);
			name = Extensions;
			sourceTree = "<group>";
		};
		B60EB2311E342A8A004C67FF /* Main */ = {
			isa = PBXGroup;
			children = (
				B60EB2321E342AB7004C67FF /* MainTabBarController.swift */,
			);
			name = Main;
			sourceTree = "<group>";
		};
		B60EB2341E342F9F004C67FF /* Login */ = {
			isa = PBXGroup;
			children = (
				B60EB2351E342FB4004C67FF /* LoginViewController.swift */,
			);
			name = Login;
			sourceTree = "<group>";
		};
		B60EB2371E343A06004C67FF /* Views */ = {
			isa = PBXGroup;
			children = (
				B60EB23A1E343A39004C67FF /* Subscribed */,
			);
			name = Views;
			sourceTree = "<group>";
		};
		B60EB23A1E343A39004C67FF /* Subscribed */ = {
			isa = PBXGroup;
			children = (
				B60EB2381E343A33004C67FF /* SubscribedPageCell.swift */,
				89BCCF541EB20DED005888DC /* SearchedProductCell.swift */,
			);
			name = Subscribed;
			sourceTree = "<group>";
		};
		B60EB23B1E343CAB004C67FF /* Subscribed */ = {
			isa = PBXGroup;
			children = (
				B60EB23C1E343CAB004C67FF /* SubscribedPagesViewController.swift */,
				B6A782B21E84080D00099C83 /* SubscribedProductsViewController.swift */,
			);
			path = Subscribed;
			sourceTree = "<group>";
		};
		B637D37B1E48AFC0004051AA /* Pages */ = {
			isa = PBXGroup;
			children = (
				B637D37C1E48AFDD004051AA /* PageViewController.swift */,
			);
			name = Pages;
			sourceTree = "<group>";
		};
		B6B104221E0FE48D00C30790 /* Libs */ = {
			isa = PBXGroup;
			children = (
				B6B104181E0FE3E900C30790 /* Alamofire.framework */,
				B60EB22B1E324A50004C67FF /* CocoaLumberjack.framework */,
				B60EB2281E324842004C67FF /* CocoaLumberjackSwift.framework */,
				B6B104191E0FE3E900C30790 /* ObjectMapper.framework */,
				B6B1041A1E0FE3E900C30790 /* SwiftyJSON.framework */,
				B6B07A151E87994C0079065F /* SVProgressHUD.framework */,
			);
			name = Libs;
			sourceTree = "<group>";
		};
		B6B104241E12B7F800C30790 /* Models */ = {
			isa = PBXGroup;
			children = (
				B6B104291E12BD3D00C30790 /* Page.swift */,
				89D245501E5ED90E00AC12C3 /* SearchedProduct.swift */,
				B658A6FE1E1D2BCF00E128B8 /* User.swift */,
				B6A782B41E840A1200099C83 /* Product.swift */,
			);
			name = Models;
			sourceTree = "<group>";
		};
		B6B104251E12B86800C30790 /* Managers */ = {
			isa = PBXGroup;
			children = (
				89C9752A1E72B8FB00BD6C3C /* DescriptionManager.swift */,
				89C975281E72B8EF00BD6C3C /* APIClient.swift */,
			);
			name = Managers;
			sourceTree = "<group>";
		};
		B6B104281E12BC9800C30790 /* ViewModels */ = {
			isa = PBXGroup;
			children = (
				B658A7001E1D2C8600E128B8 /* PagesViewModel.swift */,
				B6B1042B1E12BF7400C30790 /* UsersViewModel.swift */,
				89D245521E5EE44700AC12C3 /* SearchedProductsViewModel.swift */,
				B6A782B01E84069A00099C83 /* SubscribedProductsViewModel.swift */,
			);
			name = ViewModels;
			sourceTree = "<group>";
		};
		B6EDC06E1E0F7E3400041FAC = {
			isa = PBXGroup;
			children = (
				B6ECCEA11E887D0100911830 /* Settings.bundle */,
				B6EDC0791E0F7E3400041FAC /* kcuc */,
				B6EDC0781E0F7E3400041FAC /* Products */,
				2E9AFF0A8D81DA4113EBD455 /* Pods */,
				19441498ECF6398C3A3CBEB2 /* Frameworks */,
			);
			sourceTree = "<group>";
		};
		B6EDC0781E0F7E3400041FAC /* Products */ = {
			isa = PBXGroup;
			children = (
				B6EDC0771E0F7E3400041FAC /* kcuc.app */,
			);
			name = Products;
			sourceTree = "<group>";
		};
		B6EDC0791E0F7E3400041FAC /* kcuc */ = {
			isa = PBXGroup;
			children = (
				B6EDC0931E0F808800041FAC /* Resources */,
				B6EDC08E1E0F808800041FAC /* Classes */,
				B6B104221E0FE48D00C30790 /* Libs */,
				B6EDC0951E0F808800041FAC /* SupportingFiles */,
			);
			path = kcuc;
			sourceTree = "<group>";
		};
		B6EDC08E1E0F808800041FAC /* Classes */ = {
			isa = PBXGroup;
			children = (
				B60EB22E1E324EBB004C67FF /* Extensions */,
				B6B104251E12B86800C30790 /* Managers */,
				B6B104241E12B7F800C30790 /* Models */,
				B60EB2371E343A06004C67FF /* Views */,
				B6B104281E12BC9800C30790 /* ViewModels */,
				B6EDC0901E0F808800041FAC /* ViewControllers */,
				B6EDC08F1E0F808800041FAC /* AppDelegate.swift */,
			);
			path = Classes;
			sourceTree = "<group>";
		};
		B6EDC0901E0F808800041FAC /* ViewControllers */ = {
			isa = PBXGroup;
			children = (
				B60EB2341E342F9F004C67FF /* Login */,
				B60EB2311E342A8A004C67FF /* Main */,
				B637D37B1E48AFC0004051AA /* Pages */,
				B60EB23B1E343CAB004C67FF /* Subscribed */,
				89D2454E1E5E8D2A00AC12C3 /* ProductSearchViewController.swift */,
			);
			path = ViewControllers;
			sourceTree = "<group>";
		};
		B6EDC0931E0F808800041FAC /* Resources */ = {
			isa = PBXGroup;
			children = (
				B6F5E1FD1E48B709007C042A /* Main.storyboard */,
			);
			path = Resources;
			sourceTree = "<group>";
		};
		B6EDC0951E0F808800041FAC /* SupportingFiles */ = {
			isa = PBXGroup;
			children = (
				B6EDC0961E0F808800041FAC /* Assets.xcassets */,
				B6EDC0971E0F808800041FAC /* Info.plist */,
				B6EDC0981E0F808800041FAC /* LaunchScreen.storyboard */,
			);
			path = SupportingFiles;
			sourceTree = "<group>";
		};
/* End PBXGroup section */

/* Begin PBXNativeTarget section */
		B6EDC0761E0F7E3400041FAC /* kcuc */ = {
			isa = PBXNativeTarget;
			buildConfigurationList = B6EDC08B1E0F7E3500041FAC /* Build configuration list for PBXNativeTarget "kcuc" */;
			buildPhases = (
				14F37FC57F88422C8422762D /* [CP] Check Pods Manifest.lock */,
				B6EDC0731E0F7E3400041FAC /* Sources */,
				B6EDC0741E0F7E3400041FAC /* Frameworks */,
				B6EDC0751E0F7E3400041FAC /* Resources */,
				D62A48FB055549D366A3016F /* [CP] Embed Pods Frameworks */,
				88F34B8FB4D835FA007D787D /* [CP] Copy Pods Resources */,
			);
			buildRules = (
			);
			dependencies = (
			);
			name = kcuc;
			productName = kcuc;
			productReference = B6EDC0771E0F7E3400041FAC /* kcuc.app */;
			productType = "com.apple.product-type.application";
		};
/* End PBXNativeTarget section */

/* Begin PBXProject section */
		B6EDC06F1E0F7E3400041FAC /* Project object */ = {
			isa = PBXProject;
			attributes = {
				LastSwiftUpdateCheck = 0820;
				LastUpgradeCheck = 0820;
				ORGANIZATIONNAME = "Pushme Studio";
				TargetAttributes = {
					B6EDC0761E0F7E3400041FAC = {
						CreatedOnToolsVersion = 8.2.1;
						ProvisioningStyle = Automatic;
					};
				};
			};
			buildConfigurationList = B6EDC0721E0F7E3400041FAC /* Build configuration list for PBXProject "kcuc" */;
			compatibilityVersion = "Xcode 8.0";
			developmentRegion = English;
			hasScannedForEncodings = 0;
			knownRegions = (
				en,
				Base,
			);
			mainGroup = B6EDC06E1E0F7E3400041FAC;
			productRefGroup = B6EDC0781E0F7E3400041FAC /* Products */;
			projectDirPath = "";
			projectRoot = "";
			targets = (
				B6EDC0761E0F7E3400041FAC /* kcuc */,
			);
		};
/* End PBXProject section */

/* Begin PBXResourcesBuildPhase section */
		B6EDC0751E0F7E3400041FAC /* Resources */ = {
			isa = PBXResourcesBuildPhase;
			buildActionMask = 2147483647;
			files = (
				B6ECCEA21E887D0100911830 /* Settings.bundle in Resources */,
				B6EDC09D1E0F808800041FAC /* Assets.xcassets in Resources */,
				B6EDC09F1E0F808800041FAC /* LaunchScreen.storyboard in Resources */,
				B6EDC09E1E0F808800041FAC /* Info.plist in Resources */,
				B6F5E1FE1E48B709007C042A /* Main.storyboard in Resources */,
			);
			runOnlyForDeploymentPostprocessing = 0;
		};
/* End PBXResourcesBuildPhase section */

/* Begin PBXShellScriptBuildPhase section */
		14F37FC57F88422C8422762D /* [CP] Check Pods Manifest.lock */ = {
			isa = PBXShellScriptBuildPhase;
			buildActionMask = 2147483647;
			files = (
			);
			inputPaths = (
				"${PODS_PODFILE_DIR_PATH}/Podfile.lock",
				"${PODS_ROOT}/Manifest.lock",
			);
			name = "[CP] Check Pods Manifest.lock";
			outputPaths = (
				"$(DERIVED_FILE_DIR)/Pods-kcuc-checkManifestLockResult.txt",
			);
			runOnlyForDeploymentPostprocessing = 0;
			shellPath = /bin/sh;
			shellScript = "diff \"${PODS_PODFILE_DIR_PATH}/Podfile.lock\" \"${PODS_ROOT}/Manifest.lock\" > /dev/null\nif [ $? != 0 ] ; then\n    # print error to STDERR\n    echo \"error: The sandbox is not in sync with the Podfile.lock. Run 'pod install' or update your CocoaPods installation.\" >&2\n    exit 1\nfi\n# This output is used by Xcode 'outputs' to avoid re-running this script phase.\necho \"SUCCESS\" > \"${SCRIPT_OUTPUT_FILE_0}\"\n";
			showEnvVarsInLog = 0;
		};
		88F34B8FB4D835FA007D787D /* [CP] Copy Pods Resources */ = {
			isa = PBXShellScriptBuildPhase;
			buildActionMask = 2147483647;
			files = (
			);
			inputPaths = (
			);
			name = "[CP] Copy Pods Resources";
			outputPaths = (
			);
			runOnlyForDeploymentPostprocessing = 0;
			shellPath = /bin/sh;
			shellScript = "\"${SRCROOT}/Pods/Target Support Files/Pods-kcuc/Pods-kcuc-resources.sh\"\n";
			showEnvVarsInLog = 0;
		};
		D62A48FB055549D366A3016F /* [CP] Embed Pods Frameworks */ = {
			isa = PBXShellScriptBuildPhase;
			buildActionMask = 2147483647;
			files = (
			);
			inputPaths = (
				"${SRCROOT}/Pods/Target Support Files/Pods-kcuc/Pods-kcuc-frameworks.sh",
				"${BUILT_PRODUCTS_DIR}/Alamofire/Alamofire.framework",
				"${BUILT_PRODUCTS_DIR}/CocoaLumberjack/CocoaLumberjack.framework",
				"${BUILT_PRODUCTS_DIR}/ObjectMapper/ObjectMapper.framework",
				"${BUILT_PRODUCTS_DIR}/SVProgressHUD/SVProgressHUD.framework",
				"${BUILT_PRODUCTS_DIR}/SwiftyJSON/SwiftyJSON.framework",
			);
			name = "[CP] Embed Pods Frameworks";
			outputPaths = (
				"${TARGET_BUILD_DIR}/${FRAMEWORKS_FOLDER_PATH}/Alamofire.framework",
				"${TARGET_BUILD_DIR}/${FRAMEWORKS_FOLDER_PATH}/CocoaLumberjack.framework",
				"${TARGET_BUILD_DIR}/${FRAMEWORKS_FOLDER_PATH}/ObjectMapper.framework",
				"${TARGET_BUILD_DIR}/${FRAMEWORKS_FOLDER_PATH}/SVProgressHUD.framework",
				"${TARGET_BUILD_DIR}/${FRAMEWORKS_FOLDER_PATH}/SwiftyJSON.framework",
			);
			runOnlyForDeploymentPostprocessing = 0;
			shellPath = /bin/sh;
			shellScript = "\"${SRCROOT}/Pods/Target Support Files/Pods-kcuc/Pods-kcuc-frameworks.sh\"\n";
			showEnvVarsInLog = 0;
		};
/* End PBXShellScriptBuildPhase section */

/* Begin PBXSourcesBuildPhase section */
		B6EDC0731E0F7E3400041FAC /* Sources */ = {
			isa = PBXSourcesBuildPhase;
			buildActionMask = 2147483647;
			files = (
				B6A782B51E840A1200099C83 /* Product.swift in Sources */,
				89D2454F1E5E8D2A00AC12C3 /* ProductSearchViewController.swift in Sources */,
				B60EB2391E343A33004C67FF /* SubscribedPageCell.swift in Sources */,
				B6A782B31E84080D00099C83 /* SubscribedProductsViewController.swift in Sources */,
				B6A782BB1E8428C600099C83 /* UINavigationItemExtension.swift in Sources */,
				89C9752B1E72B8FB00BD6C3C /* DescriptionManager.swift in Sources */,
				B60EB23E1E343D47004C67FF /* DDLogFormatterExtension.swift in Sources */,
				B6B1042C1E12BF7400C30790 /* UsersViewModel.swift in Sources */,
				B6A782B11E84069A00099C83 /* SubscribedProductsViewModel.swift in Sources */,
				B60EB23D1E343CAB004C67FF /* SubscribedPagesViewController.swift in Sources */,
				B60EB2331E342AB7004C67FF /* MainTabBarController.swift in Sources */,
				89D245531E5EE44700AC12C3 /* SearchedProductsViewModel.swift in Sources */,
				B6EDC0991E0F808800041FAC /* AppDelegate.swift in Sources */,
				89C975291E72B8EF00BD6C3C /* APIClient.swift in Sources */,
				B658A7011E1D2C8600E128B8 /* PagesViewModel.swift in Sources */,
				89D245511E5ED90E00AC12C3 /* SearchedProduct.swift in Sources */,
				89BCCF551EB20DED005888DC /* SearchedProductCell.swift in Sources */,
				B6B1042A1E12BD3D00C30790 /* Page.swift in Sources */,
				B637D37D1E48AFDD004051AA /* PageViewController.swift in Sources */,
				B60EB2361E342FB4004C67FF /* LoginViewController.swift in Sources */,
				B658A6FF1E1D2BCF00E128B8 /* User.swift in Sources */,
			);
			runOnlyForDeploymentPostprocessing = 0;
		};
/* End PBXSourcesBuildPhase section */

/* Begin XCBuildConfiguration section */
		B6EDC0891E0F7E3500041FAC /* Debug */ = {
			isa = XCBuildConfiguration;
			buildSettings = {
				ALWAYS_SEARCH_USER_PATHS = NO;
				CLANG_ANALYZER_NONNULL = YES;
				CLANG_CXX_LANGUAGE_STANDARD = "gnu++0x";
				CLANG_CXX_LIBRARY = "libc++";
				CLANG_ENABLE_MODULES = YES;
				CLANG_ENABLE_OBJC_ARC = YES;
				CLANG_WARN_BOOL_CONVERSION = YES;
				CLANG_WARN_CONSTANT_CONVERSION = YES;
				CLANG_WARN_DIRECT_OBJC_ISA_USAGE = YES_ERROR;
				CLANG_WARN_DOCUMENTATION_COMMENTS = YES;
				CLANG_WARN_EMPTY_BODY = YES;
				CLANG_WARN_ENUM_CONVERSION = YES;
				CLANG_WARN_INFINITE_RECURSION = YES;
				CLANG_WARN_INT_CONVERSION = YES;
				CLANG_WARN_OBJC_ROOT_CLASS = YES_ERROR;
				CLANG_WARN_SUSPICIOUS_MOVE = YES;
				CLANG_WARN_UNREACHABLE_CODE = YES;
				CLANG_WARN__DUPLICATE_METHOD_MATCH = YES;
				"CODE_SIGN_IDENTITY[sdk=iphoneos*]" = "iPhone Developer";
				COPY_PHASE_STRIP = NO;
				DEBUG_INFORMATION_FORMAT = dwarf;
				ENABLE_STRICT_OBJC_MSGSEND = YES;
				ENABLE_TESTABILITY = YES;
				GCC_C_LANGUAGE_STANDARD = gnu99;
				GCC_DYNAMIC_NO_PIC = NO;
				GCC_NO_COMMON_BLOCKS = YES;
				GCC_OPTIMIZATION_LEVEL = 0;
				GCC_PREPROCESSOR_DEFINITIONS = (
					"DEBUG=1",
					"$(inherited)",
				);
				GCC_WARN_64_TO_32_BIT_CONVERSION = YES;
				GCC_WARN_ABOUT_RETURN_TYPE = YES_ERROR;
				GCC_WARN_UNDECLARED_SELECTOR = YES;
				GCC_WARN_UNINITIALIZED_AUTOS = YES_AGGRESSIVE;
				GCC_WARN_UNUSED_FUNCTION = YES;
				GCC_WARN_UNUSED_VARIABLE = YES;
				IPHONEOS_DEPLOYMENT_TARGET = 9.0;
				MTL_ENABLE_DEBUG_INFO = YES;
				ONLY_ACTIVE_ARCH = YES;
				SDKROOT = iphoneos;
				SWIFT_ACTIVE_COMPILATION_CONDITIONS = DEBUG;
				SWIFT_OPTIMIZATION_LEVEL = "-Onone";
			};
			name = Debug;
		};
		B6EDC08A1E0F7E3500041FAC /* Release */ = {
			isa = XCBuildConfiguration;
			buildSettings = {
				ALWAYS_SEARCH_USER_PATHS = NO;
				CLANG_ANALYZER_NONNULL = YES;
				CLANG_CXX_LANGUAGE_STANDARD = "gnu++0x";
				CLANG_CXX_LIBRARY = "libc++";
				CLANG_ENABLE_MODULES = YES;
				CLANG_ENABLE_OBJC_ARC = YES;
				CLANG_WARN_BOOL_CONVERSION = YES;
				CLANG_WARN_CONSTANT_CONVERSION = YES;
				CLANG_WARN_DIRECT_OBJC_ISA_USAGE = YES_ERROR;
				CLANG_WARN_DOCUMENTATION_COMMENTS = YES;
				CLANG_WARN_EMPTY_BODY = YES;
				CLANG_WARN_ENUM_CONVERSION = YES;
				CLANG_WARN_INFINITE_RECURSION = YES;
				CLANG_WARN_INT_CONVERSION = YES;
				CLANG_WARN_OBJC_ROOT_CLASS = YES_ERROR;
				CLANG_WARN_SUSPICIOUS_MOVE = YES;
				CLANG_WARN_UNREACHABLE_CODE = YES;
				CLANG_WARN__DUPLICATE_METHOD_MATCH = YES;
				"CODE_SIGN_IDENTITY[sdk=iphoneos*]" = "iPhone Developer";
				COPY_PHASE_STRIP = NO;
				DEBUG_INFORMATION_FORMAT = "dwarf-with-dsym";
				ENABLE_NS_ASSERTIONS = NO;
				ENABLE_STRICT_OBJC_MSGSEND = YES;
				GCC_C_LANGUAGE_STANDARD = gnu99;
				GCC_NO_COMMON_BLOCKS = YES;
				GCC_WARN_64_TO_32_BIT_CONVERSION = YES;
				GCC_WARN_ABOUT_RETURN_TYPE = YES_ERROR;
				GCC_WARN_UNDECLARED_SELECTOR = YES;
				GCC_WARN_UNINITIALIZED_AUTOS = YES_AGGRESSIVE;
				GCC_WARN_UNUSED_FUNCTION = YES;
				GCC_WARN_UNUSED_VARIABLE = YES;
				IPHONEOS_DEPLOYMENT_TARGET = 9.0;
				MTL_ENABLE_DEBUG_INFO = NO;
				SDKROOT = iphoneos;
				SWIFT_OPTIMIZATION_LEVEL = "-Owholemodule";
				VALIDATE_PRODUCT = YES;
			};
			name = Release;
		};
		B6EDC08C1E0F7E3500041FAC /* Debug */ = {
			isa = XCBuildConfiguration;
			baseConfigurationReference = FD898AA66BF8F77D63438444 /* Pods-kcuc.debug.xcconfig */;
			buildSettings = {
				ASSETCATALOG_COMPILER_APPICON_NAME = AppIcon;
				FRAMEWORK_SEARCH_PATHS = "$(inherited)";
				INFOPLIST_FILE = "$(SRCROOT)/kcuc/SupportingFiles/Info.plist";
				IPHONEOS_DEPLOYMENT_TARGET = 9.0;
				LD_RUNPATH_SEARCH_PATHS = "$(inherited) @executable_path/Frameworks";
				PRODUCT_BUNDLE_IDENTIFIER = com.pushmestudio.kcuc;
				PRODUCT_NAME = "$(TARGET_NAME)";
				SWIFT_VERSION = 3.0;
			};
			name = Debug;
		};
		B6EDC08D1E0F7E3500041FAC /* Release */ = {
			isa = XCBuildConfiguration;
			baseConfigurationReference = FB5AEBEBDDF1895ABBFBC904 /* Pods-kcuc.release.xcconfig */;
			buildSettings = {
				ASSETCATALOG_COMPILER_APPICON_NAME = AppIcon;
				FRAMEWORK_SEARCH_PATHS = "$(inherited)";
				INFOPLIST_FILE = "$(SRCROOT)/kcuc/SupportingFiles/Info.plist";
				IPHONEOS_DEPLOYMENT_TARGET = 9.0;
				LD_RUNPATH_SEARCH_PATHS = "$(inherited) @executable_path/Frameworks";
				PRODUCT_BUNDLE_IDENTIFIER = com.pushmestudio.kcuc;
				PRODUCT_NAME = "$(TARGET_NAME)";
				SWIFT_VERSION = 3.0;
			};
			name = Release;
		};
/* End XCBuildConfiguration section */

/* Begin XCConfigurationList section */
		B6EDC0721E0F7E3400041FAC /* Build configuration list for PBXProject "kcuc" */ = {
			isa = XCConfigurationList;
			buildConfigurations = (
				B6EDC0891E0F7E3500041FAC /* Debug */,
				B6EDC08A1E0F7E3500041FAC /* Release */,
			);
			defaultConfigurationIsVisible = 0;
			defaultConfigurationName = Release;
		};
		B6EDC08B1E0F7E3500041FAC /* Build configuration list for PBXNativeTarget "kcuc" */ = {
			isa = XCConfigurationList;
			buildConfigurations = (
				B6EDC08C1E0F7E3500041FAC /* Debug */,
				B6EDC08D1E0F7E3500041FAC /* Release */,
			);
			defaultConfigurationIsVisible = 0;
			defaultConfigurationName = Release;
		};
/* End XCConfigurationList section */
	};
	rootObject = B6EDC06F1E0F7E3400041FAC /* Project object */;
}
